{
  "originHash" : "17ee2ca7c83763790397a201201a6a4ebebf8a8df7c15061aa9a186b1ab94e95",
  "pins" : [
    {
      "identity" : "capacitor-swift-pm",
      "kind" : "remoteSourceControl",
      "location" : "https://github.com/ionic-team/capacitor-swift-pm.git",
      "state" : {
        "revision" : "ac5dacb8f1f5abf4b8297b34cfc3860d3f9202df",
        "version" : "7.6.9"
      }
    }
  ],
  "version" : 3
}
